// !$*UTF8*$!
{
	archiveVersion = 1;
	classes = {
	};
	objectVersion = 46;
	objects = {

/* Begin PBXBuildFile section */
		7CF16C611C4E485000FCAE46 /* AppDelegate.swift in Sources */ = {isa = PBXBuildFile; fileRef = 7CF16C601C4E485000FCAE46 /* AppDelegate.swift */; };
		7CF16C631C4E485000FCAE46 /* ViewController.swift in Sources */ = {isa = PBXBuildFile; fileRef = 7CF16C621C4E485000FCAE46 /* ViewController.swift */; };
		7CF16C661C4E485000FCAE46 /* Main.storyboard in Resources */ = {isa = PBXBuildFile; fileRef = 7CF16C641C4E485000FCAE46 /* Main.storyboard */; };
		7CF16C681C4E485000FCAE46 /* Assets.xcassets in Resources */ = {isa = PBXBuildFile; fileRef = 7CF16C671C4E485000FCAE46 /* Assets.xcassets */; };
		7CF16C6B1C4E485000FCAE46 /* LaunchScreen.storyboard in Resources */ = {isa = PBXBuildFile; fileRef = 7CF16C691C4E485000FCAE46 /* LaunchScreen.storyboard */; };
		7CF16C761C4E485000FCAE46 /* WildTests.swift in Sources */ = {isa = PBXBuildFile; fileRef = 7CF16C751C4E485000FCAE46 /* WildTests.swift */; };
		7CF16C811C4E485000FCAE46 /* WildUITests.swift in Sources */ = {isa = PBXBuildFile; fileRef = 7CF16C801C4E485000FCAE46 /* WildUITests.swift */; };
/* End PBXBuildFile section */

/* Begin PBXContainerItemProxy section */
		7CF16C721C4E485000FCAE46 /* PBXContainerItemProxy */ = {
			isa = PBXContainerItemProxy;
			containerPortal = 7CF16C551C4E484F00FCAE46 /* Project object */;
			proxyType = 1;
			remoteGlobalIDString = 7CF16C5C1C4E485000FCAE46;
			remoteInfo = Wild;
		};
		7CF16C7D1C4E485000FCAE46 /* PBXContainerItemProxy */ = {
			isa = PBXContainerItemProxy;
			containerPortal = 7CF16C551C4E484F00FCAE46 /* Project object */;
			proxyType = 1;
			remoteGlobalIDString = 7CF16C5C1C4E485000FCAE46;
			remoteInfo = Wild;
		};
/* End PBXContainerItemProxy section */

/* Begin PBXFileReference section */
		7CF16C5D1C4E485000FCAE46 /* Wild.app */ = {isa = PBXFileReference; explicitFileType = wrapper.application; includeInIndex = 0; path = Wild.app; sourceTree = BUILT_PRODUCTS_DIR; };
		7CF16C601C4E485000FCAE46 /* AppDelegate.swift */ = {isa = PBXFileReference; lastKnownFileType = sourcecode.swift; path = AppDelegate.swift; sourceTree = "<group>"; };
		7CF16C621C4E485000FCAE46 /* ViewController.swift */ = {isa = PBXFileReference; lastKnownFileType = sourcecode.swift; path = ViewController.swift; sourceTree = "<group>"; };
		7CF16C651C4E485000FCAE46 /* Base */ = {isa = PBXFileReference; lastKnownFileType = file.storyboard; name = Base; path = Base.lproj/Main.storyboard; sourceTree = "<group>"; };
		7CF16C671C4E485000FCAE46 /* Assets.xcassets */ = {isa = PBXFileReference; lastKnownFileType = folder.assetcatalog; path = Assets.xcassets; sourceTree = "<group>"; };
		7CF16C6A1C4E485000FCAE46 /* Base */ = {isa = PBXFileReference; lastKnownFileType = file.storyboard; name = Base; path = Base.lproj/LaunchScreen.storyboard; sourceTree = "<group>"; };
		7CF16C6C1C4E485000FCAE46 /* Info.plist */ = {isa = PBXFileReference; lastKnownFileType = text.plist.xml; path = Info.plist; sourceTree = "<group>"; };
		7CF16C711C4E485000FCAE46 /* WildTests.xctest */ = {isa = PBXFileReference; explicitFileType = wrapper.cfbundle; includeInIndex = 0; path = WildTests.xctest; sourceTree = BUILT_PRODUCTS_DIR; };
		7CF16C751C4E485000FCAE46 /* WildTests.swift */ = {isa = PBXFileReference; lastKnownFileType = sourcecode.swift; path = WildTests.swift; sourceTree = "<group>"; };
		7CF16C771C4E485000FCAE46 /* Info.plist */ = {isa = PBXFileReference; lastKnownFileType = text.plist.xml; path = Info.plist; sourceTree = "<group>"; };
		7CF16C7C1C4E485000FCAE46 /* WildUITests.xctest */ = {isa = PBXFileReference; explicitFileType = wrapper.cfbundle; includeInIndex = 0; path = WildUITests.xctest; sourceTree = BUILT_PRODUCTS_DIR; };
		7CF16C801C4E485000FCAE46 /* WildUITests.swift */ = {isa = PBXFileReference; lastKnownFileType = sourcecode.swift; path = WildUITests.swift; sourceTree = "<group>"; };
		7CF16C821C4E485000FCAE46 /* Info.plist */ = {isa = PBXFileReference; lastKnownFileType = text.plist.xml; path = Info.plist; sourceTree = "<group>"; };
/* End PBXFileReference section */

/* Begin PBXFrameworksBuildPhase section */
		7CF16C5A1C4E485000FCAE46 /* Frameworks */ = {
			isa = PBXFrameworksBuildPhase;
			buildActionMask = 2147483647;
			files = (
			);
			runOnlyForDeploymentPostprocessing = 0;
		};
		7CF16C6E1C4E485000FCAE46 /* Frameworks */ = {
			isa = PBXFrameworksBuildPhase;
			buildActionMask = 2147483647;
			files = (
			);
			runOnlyForDeploymentPostprocessing = 0;
		};
		7CF16C791C4E485000FCAE46 /* Frameworks */ = {
			isa = PBXFrameworksBuildPhase;
			buildActionMask = 2147483647;
			files = (
			);
			runOnlyForDeploymentPostprocessing = 0;
		};
/* End PBXFrameworksBuildPhase section */

/* Begin PBXGroup section */
		7CF16C541C4E484F00FCAE46 = {
			isa = PBXGroup;
			children = (
				7CF16C5F1C4E485000FCAE46 /* Wild */,
				7CF16C741C4E485000FCAE46 /* WildTests */,
				7CF16C7F1C4E485000FCAE46 /* WildUITests */,
				7CF16C5E1C4E485000FCAE46 /* Products */,
			);
			sourceTree = "<group>";
		};
		7CF16C5E1C4E485000FCAE46 /* Products */ = {
			isa = PBXGroup;
			children = (
				7CF16C5D1C4E485000FCAE46 /* Wild.app */,
				7CF16C711C4E485000FCAE46 /* WildTests.xctest */,
				7CF16C7C1C4E485000FCAE46 /* WildUITests.xctest */,
			);
			name = Products;
			sourceTree = "<group>";
		};
		7CF16C5F1C4E485000FCAE46 /* Wild */ = {
			isa = PBXGroup;
			children = (
				7CF16C601C4E485000FCAE46 /* AppDelegate.swift */,
				7CF16C621C4E485000FCAE46 /* ViewController.swift */,
				7CF16C641C4E485000FCAE46 /* Main.storyboard */,
				7CF16C671C4E485000FCAE46 /* Assets.xcassets */,
				7CF16C691C4E485000FCAE46 /* LaunchScreen.storyboard */,
				7CF16C6C1C4E485000FCAE46 /* Info.plist */,
			);
			path = Wild;
			sourceTree = "<group>";
		};
		7CF16C741C4E485000FCAE46 /* WildTests */ = {
			isa = PBXGroup;
			children = (
				7CF16C751C4E485000FCAE46 /* WildTests.swift */,
				7CF16C771C4E485000FCAE46 /* Info.plist */,
			);
			path = WildTests;
			sourceTree = "<group>";
		};
		7CF16C7F1C4E485000FCAE46 /* WildUITests */ = {
			isa = PBXGroup;
			children = (
				7CF16C801C4E485000FCAE46 /* WildUITests.swift */,
				7CF16C821C4E485000FCAE46 /* Info.plist */,
			);
			path = WildUITests;
			sourceTree = "<group>";
		};
/* End PBXGroup section */

/* Begin PBXNativeTarget section */
		7CF16C5C1C4E485000FCAE46 /* Wild */ = {
			isa = PBXNativeTarget;
			buildConfigurationList = 7CF16C851C4E485000FCAE46 /* Build configuration list for PBXNativeTarget "Wild" */;
			buildPhases = (
				7CF16C591C4E485000FCAE46 /* Sources */,
				7CF16C5A1C4E485000FCAE46 /* Frameworks */,
				7CF16C5B1C4E485000FCAE46 /* Resources */,
			);
			buildRules = (
			);
			dependencies = (
			);
			name = Wild;
			productName = Wild;
			productReference = 7CF16C5D1C4E485000FCAE46 /* Wild.app */;
			productType = "com.apple.product-type.application";
		};
		7CF16C701C4E485000FCAE46 /* WildTests */ = {
			isa = PBXNativeTarget;
			buildConfigurationList = 7CF16C881C4E485000FCAE46 /* Build configuration list for PBXNativeTarget "WildTests" */;
			buildPhases = (
				7CF16C6D1C4E485000FCAE46 /* Sources */,
				7CF16C6E1C4E485000FCAE46 /* Frameworks */,
				7CF16C6F1C4E485000FCAE46 /* Resources */,
			);
			buildRules = (
			);
			dependencies = (
				7CF16C731C4E485000FCAE46 /* PBXTargetDependency */,
			);
			name = WildTests;
			productName = WildTests;
			productReference = 7CF16C711C4E485000FCAE46 /* WildTests.xctest */;
			productType = "com.apple.product-type.bundle.unit-test";
		};
		7CF16C7B1C4E485000FCAE46 /* WildUITests */ = {
			isa = PBXNativeTarget;
			buildConfigurationList = 7CF16C8B1C4E485000FCAE46 /* Build configuration list for PBXNativeTarget "WildUITests" */;
			buildPhases = (
				7CF16C781C4E485000FCAE46 /* Sources */,
				7CF16C791C4E485000FCAE46 /* Frameworks */,
				7CF16C7A1C4E485000FCAE46 /* Resources */,
			);
			buildRules = (
			);
			dependencies = (
				7CF16C7E1C4E485000FCAE46 /* PBXTargetDependency */,
			);
			name = WildUITests;
			productName = WildUITests;
			productReference = 7CF16C7C1C4E485000FCAE46 /* WildUITests.xctest */;
			productType = "com.apple.product-type.bundle.ui-testing";
		};
/* End PBXNativeTarget section */

/* Begin PBXProject section */
		7CF16C551C4E484F00FCAE46 /* Project object */ = {
			isa = PBXProject;
			attributes = {
				LastSwiftUpdateCheck = 0720;
				LastUpgradeCheck = 0720;
				ORGANIZATIONNAME = Adaman;
				TargetAttributes = {
					7CF16C5C1C4E485000FCAE46 = {
						CreatedOnToolsVersion = 7.2;
						DevelopmentTeam = C39NXB64WM;
					};
					7CF16C701C4E485000FCAE46 = {
						CreatedOnToolsVersion = 7.2;
						DevelopmentTeam = C39NXB64WM;
						TestTargetID = 7CF16C5C1C4E485000FCAE46;
					};
					7CF16C7B1C4E485000FCAE46 = {
						CreatedOnToolsVersion = 7.2;
						DevelopmentTeam = C39NXB64WM;
						TestTargetID = 7CF16C5C1C4E485000FCAE46;
					};
				};
			};
			buildConfigurationList = 7CF16C581C4E485000FCAE46 /* Build configuration list for PBXProject "Wild" */;
			compatibilityVersion = "Xcode 3.2";
			developmentRegion = English;
			hasScannedForEncodings = 0;
			knownRegions = (
				en,
				Base,
			);
			mainGroup = 7CF16C541C4E484F00FCAE46;
			productRefGroup = 7CF16C5E1C4E485000FCAE46 /* Products */;
			projectDirPath = "";
			projectRoot = "";
			targets = (
				7CF16C5C1C4E485000FCAE46 /* Wild */,
				7CF16C701C4E485000FCAE46 /* WildTests */,
				7CF16C7B1C4E485000FCAE46 /* WildUITests */,
			);
		};
/* End PBXProject section */

/* Begin PBXResourcesBuildPhase section */
		7CF16C5B1C4E485000FCAE46 /* Resources */ = {
			isa = PBXResourcesBuildPhase;
			buildActionMask = 2147483647;
			files = (
				7CF16C6B1C4E485000FCAE46 /* LaunchScreen.storyboard in Resources */,
				7CF16C681C4E485000FCAE46 /* Assets.xcassets in Resources */,
				7CF16C661C4E485000FCAE46 /* Main.storyboard in Resources */,
			);
			runOnlyForDeploymentPostprocessing = 0;
		};
		7CF16C6F1C4E485000FCAE46 /* Resources */ = {
			isa = PBXResourcesBuildPhase;
			buildActionMask = 2147483647;
			files = (
			);
			runOnlyForDeploymentPostprocessing = 0;
		};
		7CF16C7A1C4E485000FCAE46 /* Resources */ = {
			isa = PBXResourcesBuildPhase;
			buildActionMask = 2147483647;
			files = (
			);
			runOnlyForDeploymentPostprocessing = 0;
		};
/* End PBXResourcesBuildPhase section */

/* Begin PBXSourcesBuildPhase section */
		7CF16C591C4E485000FCAE46 /* Sources */ = {
			isa = PBXSourcesBuildPhase;
			buildActionMask = 2147483647;
			files = (
				7CF16C631C4E485000FCAE46 /* ViewController.swift in Sources */,
				7CF16C611C4E485000FCAE46 /* AppDelegate.swift in Sources */,
			);
			runOnlyForDeploymentPostprocessing = 0;
		};
		7CF16C6D1C4E485000FCAE46 /* Sources */ = {
			isa = PBXSourcesBuildPhase;
			buildActionMask = 2147483647;
			files = (
				7CF16C761C4E485000FCAE46 /* WildTests.swift in Sources */,
			);
			runOnlyForDeploymentPostprocessing = 0;
		};
		7CF16C781C4E485000FCAE46 /* Sources */ = {
			isa = PBXSourcesBuildPhase;
			buildActionMask = 2147483647;
			files = (
				7CF16C811C4E485000FCAE46 /* WildUITests.swift in Sources */,
			);
			runOnlyForDeploymentPostprocessing = 0;
		};
/* End PBXSourcesBuildPhase section */

/* Begin PBXTargetDependency section */
		7CF16C731C4E485000FCAE46 /* PBXTargetDependency */ = {
			isa = PBXTargetDependency;
			target = 7CF16C5C1C4E485000FCAE46 /* Wild */;
			targetProxy = 7CF16C721C4E485000FCAE46 /* PBXContainerItemProxy */;
		};
		7CF16C7E1C4E485000FCAE46 /* PBXTargetDependency */ = {
			isa = PBXTargetDependency;
			target = 7CF16C5C1C4E485000FCAE46 /* Wild */;
			targetProxy = 7CF16C7D1C4E485000FCAE46 /* PBXContainerItemProxy */;
		};
/* End PBXTargetDependency section */

/* Begin PBXVariantGroup section */
		7CF16C641C4E485000FCAE46 /* Main.storyboard */ = {
			isa = PBXVariantGroup;
			children = (
				7CF16C651C4E485000FCAE46 /* Base */,
			);
			name = Main.storyboard;
			sourceTree = "<group>";
		};
		7CF16C691C4E485000FCAE46 /* LaunchScreen.storyboard */ = {
			isa = PBXVariantGroup;
			children = (
				7CF16C6A1C4E485000FCAE46 /* Base */,
			);
			name = LaunchScreen.storyboard;
			sourceTree = "<group>";
		};
/* End PBXVariantGroup section */

/* Begin XCBuildConfiguration section */
		7CF16C831C4E485000FCAE46 /* Debug */ = {
			isa = XCBuildConfiguration;
			buildSettings = {
				ALWAYS_SEARCH_USER_PATHS = NO;
				CLANG_CXX_LANGUAGE_STANDARD = "gnu++0x";
				CLANG_CXX_LIBRARY = "libc++";
				CLANG_ENABLE_MODULES = YES;
				CLANG_ENABLE_OBJC_ARC = YES;
				CLANG_WARN_BOOL_CONVERSION = YES;
				CLANG_WARN_CONSTANT_CONVERSION = YES;
				CLANG_WARN_DIRECT_OBJC_ISA_USAGE = YES_ERROR;
				CLANG_WARN_EMPTY_BODY = YES;
				CLANG_WARN_ENUM_CONVERSION = YES;
				CLANG_WARN_INT_CONVERSION = YES;
				CLANG_WARN_OBJC_ROOT_CLASS = YES_ERROR;
				CLANG_WARN_UNREACHABLE_CODE = YES;
				CLANG_WARN__DUPLICATE_METHOD_MATCH = YES;
				"CODE_SIGN_IDENTITY[sdk=iphoneos*]" = "iPhone Developer";
				COPY_PHASE_STRIP = NO;
				DEBUG_INFORMATION_FORMAT = dwarf;
				ENABLE_STRICT_OBJC_MSGSEND = YES;
				ENABLE_TESTABILITY = YES;
				GCC_C_LANGUAGE_STANDARD = gnu99;
				GCC_DYNAMIC_NO_PIC = NO;
				GCC_NO_COMMON_BLOCKS = YES;
				GCC_OPTIMIZATION_LEVEL = 0;
				GCC_PREPROCESSOR_DEFINITIONS = (
					"DEBUG=1",
					"$(inherited)",
				);
				GCC_WARN_64_TO_32_BIT_CONVERSION = YES;
				GCC_WARN_ABOUT_RETURN_TYPE = YES_ERROR;
				GCC_WARN_UNDECLARED_SELECTOR = YES;
				GCC_WARN_UNINITIALIZED_AUTOS = YES_AGGRESSIVE;
				GCC_WARN_UNUSED_FUNCTION = YES;
				GCC_WARN_UNUSED_VARIABLE = YES;
				IPHONEOS_DEPLOYMENT_TARGET = 9.2;
				MTL_ENABLE_DEBUG_INFO = YES;
				ONLY_ACTIVE_ARCH = YES;
				SDKROOT = iphoneos;
				SWIFT_OPTIMIZATION_LEVEL = "-Onone";
				TARGETED_DEVICE_FAMILY = "1,2";
			};
			name = Debug;
		};
		7CF16C841C4E485000FCAE46 /* Release */ = {
			isa = XCBuildConfiguration;
			buildSettings = {
				ALWAYS_SEARCH_USER_PATHS = NO;
				CLANG_CXX_LANGUAGE_STANDARD = "gnu++0x";
				CLANG_CXX_LIBRARY = "libc++";
				CLANG_ENABLE_MODULES = YES;
				CLANG_ENABLE_OBJC_ARC = YES;
				CLANG_WARN_BOOL_CONVERSION = YES;
				CLANG_WARN_CONSTANT_CONVERSION = YES;
				CLANG_WARN_DIRECT_OBJC_ISA_USAGE = YES_ERROR;
				CLANG_WARN_EMPTY_BODY = YES;
				CLANG_WARN_ENUM_CONVERSION = YES;
				CLANG_WARN_INT_CONVERSION = YES;
				CLANG_WARN_OBJC_ROOT_CLASS = YES_ERROR;
				CLANG_WARN_UNREACHABLE_CODE = YES;
				CLANG_WARN__DUPLICATE_METHOD_MATCH = YES;
				"CODE_SIGN_IDENTITY[sdk=iphoneos*]" = "iPhone Developer";
				COPY_PHASE_STRIP = NO;
				DEBUG_INFORMATION_FORMAT = "dwarf-with-dsym";
				ENABLE_NS_ASSERTIONS = NO;
				ENABLE_STRICT_OBJC_MSGSEND = YES;
				GCC_C_LANGUAGE_STANDARD = gnu99;
				GCC_NO_COMMON_BLOCKS = YES;
				GCC_WARN_64_TO_32_BIT_CONVERSION = YES;
				GCC_WARN_ABOUT_RETURN_TYPE = YES_ERROR;
				GCC_WARN_UNDECLARED_SELECTOR = YES;
				GCC_WARN_UNINITIALIZED_AUTOS = YES_AGGRESSIVE;
				GCC_WARN_UNUSED_FUNCTION = YES;
				GCC_WARN_UNUSED_VARIABLE = YES;
				IPHONEOS_DEPLOYMENT_TARGET = 9.2;
				MTL_ENABLE_DEBUG_INFO = NO;
				SDKROOT = iphoneos;
				TARGETED_DEVICE_FAMILY = "1,2";
				VALIDATE_PRODUCT = YES;
			};
			name = Release;
		};
		7CF16C861C4E485000FCAE46 /* Debug */ = {
			isa = XCBuildConfiguration;
			buildSettings = {
				ASSETCATALOG_COMPILER_APPICON_NAME = AppIcon;
				INFOPLIST_FILE = Wild/Info.plist;
				LD_RUNPATH_SEARCH_PATHS = "$(inherited) @executable_path/Frameworks";
				PRODUCT_BUNDLE_IDENTIFIER = Adaman.Wild;
				PRODUCT_NAME = "$(TARGET_NAME)";
			};
			name = Debug;
		};
		7CF16C871C4E485000FCAE46 /* Release */ = {
			isa = XCBuildConfiguration;
			buildSettings = {
				ASSETCATALOG_COMPILER_APPICON_NAME = AppIcon;
				INFOPLIST_FILE = Wild/Info.plist;
				LD_RUNPATH_SEARCH_PATHS = "$(inherited) @executable_path/Frameworks";
				PRODUCT_BUNDLE_IDENTIFIER = Adaman.Wild;
				PRODUCT_NAME = "$(TARGET_NAME)";
			};
			name = Release;
		};
		7CF16C891C4E485000FCAE46 /* Debug */ = {
			isa = XCBuildConfiguration;
			buildSettings = {
				BUNDLE_LOADER = "$(TEST_HOST)";
				INFOPLIST_FILE = WildTests/Info.plist;
				LD_RUNPATH_SEARCH_PATHS = "$(inherited) @executable_path/Frameworks @loader_path/Frameworks";
				PRODUCT_BUNDLE_IDENTIFIER = Adaman.WildTests;
				PRODUCT_NAME = "$(TARGET_NAME)";
				TEST_HOST = "$(BUILT_PRODUCTS_DIR)/Wild.app/Wild";
			};
			name = Debug;
		};
		7CF16C8A1C4E485000FCAE46 /* Release */ = {
			isa = XCBuildConfiguration;
			buildSettings = {
				BUNDLE_LOADER = "$(TEST_HOST)";
				INFOPLIST_FILE = WildTests/Info.plist;
				LD_RUNPATH_SEARCH_PATHS = "$(inherited) @executable_path/Frameworks @loader_path/Frameworks";
				PRODUCT_BUNDLE_IDENTIFIER = Adaman.WildTests;
				PRODUCT_NAME = "$(TARGET_NAME)";
				TEST_HOST = "$(BUILT_PRODUCTS_DIR)/Wild.app/Wild";
			};
			name = Release;
		};
		7CF16C8C1C4E485000FCAE46 /* Debug */ = {
			isa = XCBuildConfiguration;
			buildSettings = {
				INFOPLIST_FILE = WildUITests/Info.plist;
				LD_RUNPATH_SEARCH_PATHS = "$(inherited) @executable_path/Frameworks @loader_path/Frameworks";
				PRODUCT_BUNDLE_IDENTIFIER = Adaman.WildUITests;
				PRODUCT_NAME = "$(TARGET_NAME)";
				TEST_TARGET_NAME = Wild;
				USES_XCTRUNNER = YES;
			};
			name = Debug;
		};
		7CF16C8D1C4E485000FCAE46 /* Release */ = {
			isa = XCBuildConfiguration;
			buildSettings = {
				INFOPLIST_FILE = WildUITests/Info.plist;
				LD_RUNPATH_SEARCH_PATHS = "$(inherited) @executable_path/Frameworks @loader_path/Frameworks";
				PRODUCT_BUNDLE_IDENTIFIER = Adaman.WildUITests;
				PRODUCT_NAME = "$(TARGET_NAME)";
				TEST_TARGET_NAME = Wild;
				USES_XCTRUNNER = YES;
			};
			name = Release;
		};
/* End XCBuildConfiguration section */

/* Begin XCConfigurationList section */
		7CF16C581C4E485000FCAE46 /* Build configuration list for PBXProject "Wild" */ = {
			isa = XCConfigurationList;
			buildConfigurations = (
				7CF16C831C4E485000FCAE46 /* Debug */,
				7CF16C841C4E485000FCAE46 /* Release */,
			);
			defaultConfigurationIsVisible = 0;
			defaultConfigurationName = Release;
		};
		7CF16C851C4E485000FCAE46 /* Build configuration list for PBXNativeTarget "Wild" */ = {
			isa = XCConfigurationList;
			buildConfigurations = (
				7CF16C861C4E485000FCAE46 /* Debug */,
				7CF16C871C4E485000FCAE46 /* Release */,
			);
			defaultConfigurationIsVisible = 0;
		};
		7CF16C881C4E485000FCAE46 /* Build configuration list for PBXNativeTarget "WildTests" */ = {
			isa = XCConfigurationList;
			buildConfigurations = (
				7CF16C891C4E485000FCAE46 /* Debug */,
				7CF16C8A1C4E485000FCAE46 /* Release */,
			);
			defaultConfigurationIsVisible = 0;
		};
		7CF16C8B1C4E485000FCAE46 /* Build configuration list for PBXNativeTarget "WildUITests" */ = {
			isa = XCConfigurationList;
			buildConfigurations = (
				7CF16C8C1C4E485000FCAE46 /* Debug */,
				7CF16C8D1C4E485000FCAE46 /* Release */,
			);
			defaultConfigurationIsVisible = 0;
		};
/* End XCConfigurationList section */
	};
	rootObject = 7CF16C551C4E484F00FCAE46 /* Project object */;
}
